// !$*UTF8*$!
{
	archiveVersion = 1;
	classes = {
	};
	objectVersion = 46;
	objects = {

/* Begin PBXBuildFile section */
		A50266351FE51A160016D847 /* Error.swift in Sources */ = {isa = PBXBuildFile; fileRef = A502662D1FE51A160016D847 /* Error.swift */; };
		A50266361FE51A160016D847 /* Error.swift in Sources */ = {isa = PBXBuildFile; fileRef = A502662D1FE51A160016D847 /* Error.swift */; };
		A50266381FE51A160016D847 /* Expressions.swift in Sources */ = {isa = PBXBuildFile; fileRef = A502662E1FE51A160016D847 /* Expressions.swift */; };
		A502663B1FE51A160016D847 /* Tokenizer.swift in Sources */ = {isa = PBXBuildFile; fileRef = A50266301FE51A160016D847 /* Tokenizer.swift */; };
		A502663C1FE51A160016D847 /* Tokenizer.swift in Sources */ = {isa = PBXBuildFile; fileRef = A50266301FE51A160016D847 /* Tokenizer.swift */; };
		A502663E1FE51A160016D847 /* ASTNode.swift in Sources */ = {isa = PBXBuildFile; fileRef = A50266311FE51A160016D847 /* ASTNode.swift */; };
		A50266401FE51A160016D847 /* Combinators.swift in Sources */ = {isa = PBXBuildFile; fileRef = A50266321FE51A160016D847 /* Combinators.swift */; };
		A50266421FE51A160016D847 /* Parsers.swift in Sources */ = {isa = PBXBuildFile; fileRef = A50266331FE51A160016D847 /* Parsers.swift */; };
		A50266431FE51A160016D847 /* main.swift in Sources */ = {isa = PBXBuildFile; fileRef = A50266341FE51A160016D847 /* main.swift */; };
		A50266441FE51A160016D847 /* main.swift in Sources */ = {isa = PBXBuildFile; fileRef = A50266341FE51A160016D847 /* main.swift */; };
		A50266481FE51E0A0016D847 /* CommandLineArgumentsParser.swift in Sources */ = {isa = PBXBuildFile; fileRef = A50266471FE51E0A0016D847 /* CommandLineArgumentsParser.swift */; };
		A50266491FE51E0A0016D847 /* CommandLineArgumentsParser.swift in Sources */ = {isa = PBXBuildFile; fileRef = A50266471FE51E0A0016D847 /* CommandLineArgumentsParser.swift */; };
		A502664B1FE530180016D847 /* File.swift in Sources */ = {isa = PBXBuildFile; fileRef = A502664A1FE530180016D847 /* File.swift */; };
		A502664C1FE530180016D847 /* File.swift in Sources */ = {isa = PBXBuildFile; fileRef = A502664A1FE530180016D847 /* File.swift */; };
		A502664F1FE533440016D847 /* factorial.java in CopyFiles */ = {isa = PBXBuildFile; fileRef = A502664E1FE5330D0016D847 /* factorial.java */; };
		A50266521FE571E80016D847 /* ASTNode.swift in Sources */ = {isa = PBXBuildFile; fileRef = A50266311FE51A160016D847 /* ASTNode.swift */; };
		A50266531FE624160016D847 /* Combinators.swift in Sources */ = {isa = PBXBuildFile; fileRef = A50266321FE51A160016D847 /* Combinators.swift */; };
		A50266541FE624180016D847 /* Parsers.swift in Sources */ = {isa = PBXBuildFile; fileRef = A50266331FE51A160016D847 /* Parsers.swift */; };
		A58B96121E08E33C002919C6 /* ParserTest.swift in Sources */ = {isa = PBXBuildFile; fileRef = A58B96101E08E33C002919C6 /* ParserTest.swift */; };
		A5BB42461E06335D0087362D /* LexerTest.swift in Sources */ = {isa = PBXBuildFile; fileRef = A5BB42451E06335D0087362D /* LexerTest.swift */; };
		A5BB424D1E063D110087362D /* CombinationsTest.swift in Sources */ = {isa = PBXBuildFile; fileRef = A5BB424C1E063D110087362D /* CombinationsTest.swift */; };
		A5BB424F1E06574B0087362D /* ASTNodeTest.swift in Sources */ = {isa = PBXBuildFile; fileRef = A5BB424E1E06574B0087362D /* ASTNodeTest.swift */; };
/* End PBXBuildFile section */

/* Begin PBXCopyFilesBuildPhase section */
		A5D6AFEA1E04EA9D006F04FD /* CopyFiles */ = {
			isa = PBXCopyFilesBuildPhase;
			buildActionMask = 12;
			dstPath = ./SamplePrograms;
			dstSubfolderSpec = 16;
			files = (
				A502664F1FE533440016D847 /* factorial.java in CopyFiles */,
			);
			runOnlyForDeploymentPostprocessing = 0;
		};
/* End PBXCopyFilesBuildPhase section */

/* Begin PBXFileReference section */
		A502662D1FE51A160016D847 /* Error.swift */ = {isa = PBXFileReference; fileEncoding = 4; lastKnownFileType = sourcecode.swift; path = Error.swift; sourceTree = "<group>"; };
		A502662E1FE51A160016D847 /* Expressions.swift */ = {isa = PBXFileReference; fileEncoding = 4; lastKnownFileType = sourcecode.swift; path = Expressions.swift; sourceTree = "<group>"; };
		A50266301FE51A160016D847 /* Tokenizer.swift */ = {isa = PBXFileReference; fileEncoding = 4; lastKnownFileType = sourcecode.swift; path = Tokenizer.swift; sourceTree = "<group>"; };
		A50266311FE51A160016D847 /* ASTNode.swift */ = {isa = PBXFileReference; fileEncoding = 4; lastKnownFileType = sourcecode.swift; path = ASTNode.swift; sourceTree = "<group>"; };
		A50266321FE51A160016D847 /* Combinators.swift */ = {isa = PBXFileReference; fileEncoding = 4; lastKnownFileType = sourcecode.swift; path = Combinators.swift; sourceTree = "<group>"; };
		A50266331FE51A160016D847 /* Parsers.swift */ = {isa = PBXFileReference; fileEncoding = 4; lastKnownFileType = sourcecode.swift; path = Parsers.swift; sourceTree = "<group>"; };
		A50266341FE51A160016D847 /* main.swift */ = {isa = PBXFileReference; fileEncoding = 4; lastKnownFileType = sourcecode.swift; path = main.swift; sourceTree = "<group>"; };
		A50266471FE51E0A0016D847 /* CommandLineArgumentsParser.swift */ = {isa = PBXFileReference; lastKnownFileType = sourcecode.swift; path = CommandLineArgumentsParser.swift; sourceTree = "<group>"; };
		A502664A1FE530180016D847 /* File.swift */ = {isa = PBXFileReference; lastKnownFileType = sourcecode.swift; path = File.swift; sourceTree = "<group>"; };
		A502664E1FE5330D0016D847 /* factorial.java */ = {isa = PBXFileReference; lastKnownFileType = sourcecode.java; path = factorial.java; sourceTree = "<group>"; };
		A58B96101E08E33C002919C6 /* ParserTest.swift */ = {isa = PBXFileReference; fileEncoding = 4; lastKnownFileType = sourcecode.swift; path = ParserTest.swift; sourceTree = "<group>"; };
		A5BB423C1E05A3FE0087362D /* Test.xctest */ = {isa = PBXFileReference; explicitFileType = wrapper.cfbundle; includeInIndex = 0; path = Test.xctest; sourceTree = BUILT_PRODUCTS_DIR; };
		A5BB42401E05A3FE0087362D /* Info.plist */ = {isa = PBXFileReference; lastKnownFileType = text.plist.xml; path = Info.plist; sourceTree = "<group>"; };
		A5BB42451E06335D0087362D /* LexerTest.swift */ = {isa = PBXFileReference; fileEncoding = 4; lastKnownFileType = sourcecode.swift; lineEnding = 0; path = LexerTest.swift; sourceTree = "<group>"; xcLanguageSpecificationIdentifier = xcode.lang.swift; };
		A5BB424C1E063D110087362D /* CombinationsTest.swift */ = {isa = PBXFileReference; fileEncoding = 4; lastKnownFileType = sourcecode.swift; lineEnding = 0; path = CombinationsTest.swift; sourceTree = "<group>"; xcLanguageSpecificationIdentifier = xcode.lang.swift; };
		A5BB424E1E06574B0087362D /* ASTNodeTest.swift */ = {isa = PBXFileReference; fileEncoding = 4; lastKnownFileType = sourcecode.swift; path = ASTNodeTest.swift; sourceTree = "<group>"; };
		A5D6AFEC1E04EA9D006F04FD /* MiniJavaCompiler */ = {isa = PBXFileReference; explicitFileType = "compiled.mach-o.executable"; includeInIndex = 0; path = MiniJavaCompiler; sourceTree = BUILT_PRODUCTS_DIR; };
/* End PBXFileReference section */

/* Begin PBXFrameworksBuildPhase section */
		A5BB42391E05A3FE0087362D /* Frameworks */ = {
			isa = PBXFrameworksBuildPhase;
			buildActionMask = 2147483647;
			files = (
			);
			runOnlyForDeploymentPostprocessing = 0;
		};
		A5D6AFE91E04EA9D006F04FD /* Frameworks */ = {
			isa = PBXFrameworksBuildPhase;
			buildActionMask = 2147483647;
			files = (
			);
			runOnlyForDeploymentPostprocessing = 0;
		};
/* End PBXFrameworksBuildPhase section */

/* Begin PBXGroup section */
		A502662C1FE51A160016D847 /* MiniJavaCompiler */ = {
			isa = PBXGroup;
			children = (
				A50266341FE51A160016D847 /* main.swift */,
				A50266461FE51DB70016D847 /* Misc */,
				A50266501FE533C90016D847 /* Tokenizer */,
				A50266511FE54DD50016D847 /* Parser */,
				A502662E1FE51A160016D847 /* Expressions.swift */,
			);
			path = MiniJavaCompiler;
			sourceTree = "<group>";
		};
		A50266461FE51DB70016D847 /* Misc */ = {
			isa = PBXGroup;
			children = (
				A50266471FE51E0A0016D847 /* CommandLineArgumentsParser.swift */,
				A502664A1FE530180016D847 /* File.swift */,
				A502662D1FE51A160016D847 /* Error.swift */,
			);
			path = Misc;
			sourceTree = "<group>";
		};
		A502664D1FE5327A0016D847 /* SamplePrograms */ = {
			isa = PBXGroup;
			children = (
				A502664E1FE5330D0016D847 /* factorial.java */,
			);
			path = SamplePrograms;
			sourceTree = "<group>";
		};
		A50266501FE533C90016D847 /* Tokenizer */ = {
			isa = PBXGroup;
			children = (
				A50266301FE51A160016D847 /* Tokenizer.swift */,
			);
			path = Tokenizer;
			sourceTree = "<group>";
		};
		A50266511FE54DD50016D847 /* Parser */ = {
			isa = PBXGroup;
			children = (
				A50266311FE51A160016D847 /* ASTNode.swift */,
				A50266321FE51A160016D847 /* Combinators.swift */,
				A50266331FE51A160016D847 /* Parsers.swift */,
			);
			path = Parser;
			sourceTree = "<group>";
		};
		A5BB423D1E05A3FE0087362D /* Test */ = {
			isa = PBXGroup;
			children = (
				A5BB42401E05A3FE0087362D /* Info.plist */,
				A5BB42451E06335D0087362D /* LexerTest.swift */,
				A5BB424E1E06574B0087362D /* ASTNodeTest.swift */,
				A5BB424C1E063D110087362D /* CombinationsTest.swift */,
				A58B96101E08E33C002919C6 /* ParserTest.swift */,
			);
			path = Test;
			sourceTree = "<group>";
		};
		A5D6AFE31E04EA9D006F04FD = {
			isa = PBXGroup;
			children = (
				A502664D1FE5327A0016D847 /* SamplePrograms */,
				A502662C1FE51A160016D847 /* MiniJavaCompiler */,
				A5BB423D1E05A3FE0087362D /* Test */,
				A5D6AFED1E04EA9D006F04FD /* Products */,
			);
			sourceTree = "<group>";
		};
		A5D6AFED1E04EA9D006F04FD /* Products */ = {
			isa = PBXGroup;
			children = (
				A5D6AFEC1E04EA9D006F04FD /* MiniJavaCompiler */,
				A5BB423C1E05A3FE0087362D /* Test.xctest */,
			);
			name = Products;
			sourceTree = "<group>";
		};
/* End PBXGroup section */

/* Begin PBXNativeTarget section */
		A5BB423B1E05A3FE0087362D /* Test */ = {
			isa = PBXNativeTarget;
			buildConfigurationList = A5BB42431E05A3FE0087362D /* Build configuration list for PBXNativeTarget "Test" */;
			buildPhases = (
				A5BB42381E05A3FE0087362D /* Sources */,
				A5BB42391E05A3FE0087362D /* Frameworks */,
				A5BB423A1E05A3FE0087362D /* Resources */,
			);
			buildRules = (
			);
			dependencies = (
			);
			name = Test;
			productName = Test;
			productReference = A5BB423C1E05A3FE0087362D /* Test.xctest */;
			productType = "com.apple.product-type.bundle.unit-test";
		};
		A5D6AFEB1E04EA9D006F04FD /* MiniJavaCompiler */ = {
			isa = PBXNativeTarget;
			buildConfigurationList = A5D6AFF31E04EA9D006F04FD /* Build configuration list for PBXNativeTarget "MiniJavaCompiler" */;
			buildPhases = (
				A5D6AFE81E04EA9D006F04FD /* Sources */,
				A5D6AFE91E04EA9D006F04FD /* Frameworks */,
				A5D6AFEA1E04EA9D006F04FD /* CopyFiles */,
			);
			buildRules = (
			);
			dependencies = (
			);
			name = MiniJavaCompiler;
			productName = Interpreter;
			productReference = A5D6AFEC1E04EA9D006F04FD /* MiniJavaCompiler */;
			productType = "com.apple.product-type.tool";
		};
/* End PBXNativeTarget section */

/* Begin PBXProject section */
		A5D6AFE41E04EA9D006F04FD /* Project object */ = {
			isa = PBXProject;
			attributes = {
				LastSwiftUpdateCheck = 0810;
				LastUpgradeCheck = 0920;
				ORGANIZATIONNAME = "陈十三";
				TargetAttributes = {
					A5BB423B1E05A3FE0087362D = {
						CreatedOnToolsVersion = 8.1;
						ProvisioningStyle = Automatic;
					};
					A5D6AFEB1E04EA9D006F04FD = {
						CreatedOnToolsVersion = 8.1;
						LastSwiftMigration = 0920;
						ProvisioningStyle = Automatic;
					};
				};
			};
			buildConfigurationList = A5D6AFE71E04EA9D006F04FD /* Build configuration list for PBXProject "MiniJavaCompiler" */;
			compatibilityVersion = "Xcode 3.2";
			developmentRegion = English;
			hasScannedForEncodings = 0;
			knownRegions = (
				en,
			);
			mainGroup = A5D6AFE31E04EA9D006F04FD;
			productRefGroup = A5D6AFED1E04EA9D006F04FD /* Products */;
			projectDirPath = "";
			projectRoot = "";
			targets = (
				A5D6AFEB1E04EA9D006F04FD /* MiniJavaCompiler */,
				A5BB423B1E05A3FE0087362D /* Test */,
			);
		};
/* End PBXProject section */

/* Begin PBXResourcesBuildPhase section */
		A5BB423A1E05A3FE0087362D /* Resources */ = {
			isa = PBXResourcesBuildPhase;
			buildActionMask = 2147483647;
			files = (
			);
			runOnlyForDeploymentPostprocessing = 0;
		};
/* End PBXResourcesBuildPhase section */

/* Begin PBXSourcesBuildPhase section */
		A5BB42381E05A3FE0087362D /* Sources */ = {
			isa = PBXSourcesBuildPhase;
			buildActionMask = 2147483647;
			files = (
				A502663E1FE51A160016D847 /* ASTNode.swift in Sources */,
				A58B96121E08E33C002919C6 /* ParserTest.swift in Sources */,
				A50266441FE51A160016D847 /* main.swift in Sources */,
				A50266421FE51A160016D847 /* Parsers.swift in Sources */,
				A5BB424D1E063D110087362D /* CombinationsTest.swift in Sources */,
				A5BB424F1E06574B0087362D /* ASTNodeTest.swift in Sources */,
				A50266361FE51A160016D847 /* Error.swift in Sources */,
				A502663C1FE51A160016D847 /* Tokenizer.swift in Sources */,
				A502664C1FE530180016D847 /* File.swift in Sources */,
				A5BB42461E06335D0087362D /* LexerTest.swift in Sources */,
				A50266381FE51A160016D847 /* Expressions.swift in Sources */,
				A50266491FE51E0A0016D847 /* CommandLineArgumentsParser.swift in Sources */,
				A50266401FE51A160016D847 /* Combinators.swift in Sources */,
			);
			runOnlyForDeploymentPostprocessing = 0;
		};
		A5D6AFE81E04EA9D006F04FD /* Sources */ = {
			isa = PBXSourcesBuildPhase;
			buildActionMask = 2147483647;
			files = (
				A50266541FE624180016D847 /* Parsers.swift in Sources */,
				A50266531FE624160016D847 /* Combinators.swift in Sources */,
				A50266521FE571E80016D847 /* ASTNode.swift in Sources */,
				A50266351FE51A160016D847 /* Error.swift in Sources */,
				A502663B1FE51A160016D847 /* Tokenizer.swift in Sources */,
				A50266431FE51A160016D847 /* main.swift in Sources */,
				A502664B1FE530180016D847 /* File.swift in Sources */,
				A50266481FE51E0A0016D847 /* CommandLineArgumentsParser.swift in Sources */,
			);
			runOnlyForDeploymentPostprocessing = 0;
		};
/* End PBXSourcesBuildPhase section */

/* Begin XCBuildConfiguration section */
		A5BB42411E05A3FE0087362D /* Debug */ = {
			isa = XCBuildConfiguration;
			buildSettings = {
				COMBINE_HIDPI_IMAGES = YES;
				INFOPLIST_FILE = Test/Info.plist;
				LD_RUNPATH_SEARCH_PATHS = "$(inherited) @executable_path/../Frameworks @loader_path/../Frameworks";
				PRODUCT_BUNDLE_IDENTIFIER = "Shisan-Chen.Test";
				PRODUCT_NAME = "$(TARGET_NAME)";
				SWIFT_ACTIVE_COMPILATION_CONDITIONS = DEBUG;
				SWIFT_VERSION = 3.0;
			};
			name = Debug;
		};
		A5BB42421E05A3FE0087362D /* Release */ = {
			isa = XCBuildConfiguration;
			buildSettings = {
				COMBINE_HIDPI_IMAGES = YES;
				INFOPLIST_FILE = Test/Info.plist;
				LD_RUNPATH_SEARCH_PATHS = "$(inherited) @executable_path/../Frameworks @loader_path/../Frameworks";
				PRODUCT_BUNDLE_IDENTIFIER = "Shisan-Chen.Test";
				PRODUCT_NAME = "$(TARGET_NAME)";
				SWIFT_OPTIMIZATION_LEVEL = "-Owholemodule";
				SWIFT_VERSION = 3.0;
			};
			name = Release;
		};
		A5D6AFF11E04EA9D006F04FD /* Debug */ = {
			isa = XCBuildConfiguration;
			buildSettings = {
				ALWAYS_SEARCH_USER_PATHS = NO;
				CLANG_ANALYZER_NONNULL = YES;
				CLANG_CXX_LANGUAGE_STANDARD = "gnu++0x";
				CLANG_CXX_LIBRARY = "libc++";
				CLANG_ENABLE_MODULES = YES;
				CLANG_ENABLE_OBJC_ARC = YES;
				CLANG_WARN_BLOCK_CAPTURE_AUTORELEASING = YES;
				CLANG_WARN_BOOL_CONVERSION = YES;
				CLANG_WARN_COMMA = YES;
				CLANG_WARN_CONSTANT_CONVERSION = YES;
				CLANG_WARN_DIRECT_OBJC_ISA_USAGE = YES_ERROR;
				CLANG_WARN_DOCUMENTATION_COMMENTS = YES;
				CLANG_WARN_EMPTY_BODY = YES;
				CLANG_WARN_ENUM_CONVERSION = YES;
				CLANG_WARN_INFINITE_RECURSION = YES;
				CLANG_WARN_INT_CONVERSION = YES;
				CLANG_WARN_NON_LITERAL_NULL_CONVERSION = YES;
				CLANG_WARN_OBJC_LITERAL_CONVERSION = YES;
				CLANG_WARN_OBJC_ROOT_CLASS = YES_ERROR;
				CLANG_WARN_RANGE_LOOP_ANALYSIS = YES;
				CLANG_WARN_STRICT_PROTOTYPES = YES;
				CLANG_WARN_SUSPICIOUS_MOVE = YES;
				CLANG_WARN_SUSPICIOUS_MOVES = YES;
				CLANG_WARN_UNREACHABLE_CODE = YES;
				CLANG_WARN__DUPLICATE_METHOD_MATCH = YES;
				CODE_SIGN_IDENTITY = "-";
				COPY_PHASE_STRIP = NO;
				DEBUG_INFORMATION_FORMAT = dwarf;
				ENABLE_STRICT_OBJC_MSGSEND = YES;
				ENABLE_TESTABILITY = YES;
				GCC_C_LANGUAGE_STANDARD = gnu99;
				GCC_DYNAMIC_NO_PIC = NO;
				GCC_NO_COMMON_BLOCKS = YES;
				GCC_OPTIMIZATION_LEVEL = 0;
				GCC_PREPROCESSOR_DEFINITIONS = (
					"DEBUG=1",
					"$(inherited)",
				);
				GCC_WARN_64_TO_32_BIT_CONVERSION = YES;
				GCC_WARN_ABOUT_RETURN_TYPE = YES_ERROR;
				GCC_WARN_UNDECLARED_SELECTOR = YES;
				GCC_WARN_UNINITIALIZED_AUTOS = YES_AGGRESSIVE;
				GCC_WARN_UNUSED_FUNCTION = YES;
				GCC_WARN_UNUSED_VARIABLE = YES;
				MACOSX_DEPLOYMENT_TARGET = 10.12;
				MTL_ENABLE_DEBUG_INFO = YES;
				ONLY_ACTIVE_ARCH = YES;
				SDKROOT = macosx;
				SWIFT_OPTIMIZATION_LEVEL = "-Onone";
			};
			name = Debug;
		};
		A5D6AFF21E04EA9D006F04FD /* Release */ = {
			isa = XCBuildConfiguration;
			buildSettings = {
				ALWAYS_SEARCH_USER_PATHS = NO;
				CLANG_ANALYZER_NONNULL = YES;
				CLANG_CXX_LANGUAGE_STANDARD = "gnu++0x";
				CLANG_CXX_LIBRARY = "libc++";
				CLANG_ENABLE_MODULES = YES;
				CLANG_ENABLE_OBJC_ARC = YES;
				CLANG_WARN_BLOCK_CAPTURE_AUTORELEASING = YES;
				CLANG_WARN_BOOL_CONVERSION = YES;
				CLANG_WARN_COMMA = YES;
				CLANG_WARN_CONSTANT_CONVERSION = YES;
				CLANG_WARN_DIRECT_OBJC_ISA_USAGE = YES_ERROR;
				CLANG_WARN_DOCUMENTATION_COMMENTS = YES;
				CLANG_WARN_EMPTY_BODY = YES;
				CLANG_WARN_ENUM_CONVERSION = YES;
				CLANG_WARN_INFINITE_RECURSION = YES;
				CLANG_WARN_INT_CONVERSION = YES;
				CLANG_WARN_NON_LITERAL_NULL_CONVERSION = YES;
				CLANG_WARN_OBJC_LITERAL_CONVERSION = YES;
				CLANG_WARN_OBJC_ROOT_CLASS = YES_ERROR;
				CLANG_WARN_RANGE_LOOP_ANALYSIS = YES;
				CLANG_WARN_STRICT_PROTOTYPES = YES;
				CLANG_WARN_SUSPICIOUS_MOVE = YES;
				CLANG_WARN_SUSPICIOUS_MOVES = YES;
				CLANG_WARN_UNREACHABLE_CODE = YES;
				CLANG_WARN__DUPLICATE_METHOD_MATCH = YES;
				CODE_SIGN_IDENTITY = "-";
				COPY_PHASE_STRIP = NO;
				DEBUG_INFORMATION_FORMAT = "dwarf-with-dsym";
				ENABLE_NS_ASSERTIONS = NO;
				ENABLE_STRICT_OBJC_MSGSEND = YES;
				GCC_C_LANGUAGE_STANDARD = gnu99;
				GCC_NO_COMMON_BLOCKS = YES;
				GCC_WARN_64_TO_32_BIT_CONVERSION = YES;
				GCC_WARN_ABOUT_RETURN_TYPE = YES_ERROR;
				GCC_WARN_UNDECLARED_SELECTOR = YES;
				GCC_WARN_UNINITIALIZED_AUTOS = YES_AGGRESSIVE;
				GCC_WARN_UNUSED_FUNCTION = YES;
				GCC_WARN_UNUSED_VARIABLE = YES;
				MACOSX_DEPLOYMENT_TARGET = 10.12;
				MTL_ENABLE_DEBUG_INFO = NO;
				SDKROOT = macosx;
				SWIFT_OPTIMIZATION_LEVEL = "-Owholemodule";
			};
			name = Release;
		};
		A5D6AFF41E04EA9D006F04FD /* Debug */ = {
			isa = XCBuildConfiguration;
			buildSettings = {
				INFOPLIST_FILE = "$(SRCROOT)/Test/Info.plist";
				PRODUCT_NAME = "$(TARGET_NAME)";
				SWIFT_SWIFT3_OBJC_INFERENCE = Default;
				SWIFT_VERSION = 4.0;
			};
			name = Debug;
		};
		A5D6AFF51E04EA9D006F04FD /* Release */ = {
			isa = XCBuildConfiguration;
			buildSettings = {
				INFOPLIST_FILE = "$(SRCROOT)/Test/Info.plist";
				PRODUCT_NAME = "$(TARGET_NAME)";
				SWIFT_SWIFT3_OBJC_INFERENCE = Default;
				SWIFT_VERSION = 4.0;
			};
			name = Release;
		};
/* End XCBuildConfiguration section */

/* Begin XCConfigurationList section */
		A5BB42431E05A3FE0087362D /* Build configuration list for PBXNativeTarget "Test" */ = {
			isa = XCConfigurationList;
			buildConfigurations = (
				A5BB42411E05A3FE0087362D /* Debug */,
				A5BB42421E05A3FE0087362D /* Release */,
			);
			defaultConfigurationIsVisible = 0;
			defaultConfigurationName = Release;
		};
		A5D6AFE71E04EA9D006F04FD /* Build configuration list for PBXProject "MiniJavaCompiler" */ = {
			isa = XCConfigurationList;
			buildConfigurations = (
				A5D6AFF11E04EA9D006F04FD /* Debug */,
				A5D6AFF21E04EA9D006F04FD /* Release */,
			);
			defaultConfigurationIsVisible = 0;
			defaultConfigurationName = Release;
		};
		A5D6AFF31E04EA9D006F04FD /* Build configuration list for PBXNativeTarget "MiniJavaCompiler" */ = {
			isa = XCConfigurationList;
			buildConfigurations = (
				A5D6AFF41E04EA9D006F04FD /* Debug */,
				A5D6AFF51E04EA9D006F04FD /* Release */,
			);
			defaultConfigurationIsVisible = 0;
			defaultConfigurationName = Release;
		};
/* End XCConfigurationList section */
	};
	rootObject = A5D6AFE41E04EA9D006F04FD /* Project object */;
}
